
Microsoft Visual Studio Solution File, Format Version 11.00
# Visual C# Express 2010
Project("{FAE04EC0-301F-11D3-BF4B-00C04F79EFBC}") = "Heads-Up Trainer", "Heads-Up Trainer\Heads-Up Trainer.csproj", "{A8CBCC41-16AF-4814-AA21-3B9165DDC3D0}"
EndProject
Global
	GlobalSection(SolutionConfigurationPlatforms) = preSolution
		Debug|Any CPU = Debug|Any CPU
		Release|Any CPU = Release|Any CPU
	EndGlobalSection
	GlobalSection(ProjectConfigurationPlatforms) = postSolution
		{A8CBCC41-16AF-4814-AA21-3B9165DDC3D0}.Debug|Any CPU.ActiveCfg = Debug|Any CPU
		{A8CBCC41-16AF-4814-AA21-3B9165DDC3D0}.Debug|Any CPU.Build.0 = Debug|Any CPU
		{A8CBCC41-16AF-4814-AA21-3B9165DDC3D0}.Release|Any CPU.ActiveCfg = Release|Any CPU
		{A8CBCC41-16AF-4814-AA21-3B9165DDC3D0}.Release|Any CPU.Build.0 = Release|Any CPU
	EndGlobalSection
	GlobalSection(SolutionProperties) = preSolution
		HideSolutionNode = FALSE
	EndGlobalSection
EndGlobal
